
Microsoft Visual Studio Solution File, Format Version 12.00
# Visual Studio Version 17
VisualStudioVersion = 17.3.32929.385
MinimumVisualStudioVersion = 10.0.40219.1
Project("{FAE04EC0-301F-11D3-BF4B-00C04F79EFBC}") = "for", "for\for.csproj", "{13C9919D-5097-4E24-AECD-65BE03980250}"
EndProject
Global
	GlobalSection(SolutionConfigurationPlatforms) = preSolution
		Debug|Any CPU = Debug|Any CPU
		Release|Any CPU = Release|Any CPU
	EndGlobalSection
	GlobalSection(ProjectConfigurationPlatforms) = postSolution
		{13C9919D-5097-4E24-AECD-65BE03980250}.Debug|Any CPU.ActiveCfg = Debug|Any CPU
		{13C9919D-5097-4E24-AECD-65BE03980250}.Debug|Any CPU.Build.0 = Debug|Any CPU
		{13C9919D-5097-4E24-AECD-65BE03980250}.Release|Any CPU.ActiveCfg = Release|Any CPU
		{13C9919D-5097-4E24-AECD-65BE03980250}.Release|Any CPU.Build.0 = Release|Any CPU
	EndGlobalSection
	GlobalSection(SolutionProperties) = preSolution
		HideSolutionNode = FALSE
	EndGlobalSection
	GlobalSection(ExtensibilityGlobals) = postSolution
		SolutionGuid = {76D2CFBC-8348-446C-B32C-EC3F7D12DCF9}
	EndGlobalSection
EndGlobal
